
Microsoft Visual Studio Solution File, Format Version 12.00
Project("{2150E333-8FDC-42A3-9474-1A3956D46DE8}") = "Src", "Src", "{D5D48DE5-DB16-42B7-827B-32DD95E62FBA}"
EndProject
Project("{2150E333-8FDC-42A3-9474-1A3956D46DE8}") = "Solution Items", "Solution Items", "{22BB095C-3487-49BD-897E-9DA190304290}"
	ProjectSection(SolutionItems) = preProject
		Directory.Build.props = Directory.Build.props
		.gitignore = .gitignore
	EndProjectSection
EndProject
Project("{2150E333-8FDC-42A3-9474-1A3956D46DE8}") = "Build", "Build", "{11DB937B-7973-43AC-A0F2-BBA739B6F44A}"
	ProjectSection(SolutionItems) = preProject
		build\Output.App.props = build\Output.App.props
	EndProjectSection
EndProject
Project("{FAE04EC0-301F-11D3-BF4B-00C04F79EFBC}") = "Kava.Generators", "src\Kava.Generators\Kava.Generators.csproj", "{853AB401-440B-48BA-A708-5DF93E981829}"
EndProject
Project("{FAE04EC0-301F-11D3-BF4B-00C04F79EFBC}") = "Kava", "src\Kava\Kava.csproj", "{460711C7-A245-4FF9-9DF9-81DC99F47CC9}"
EndProject
Project("{FAE04EC0-301F-11D3-BF4B-00C04F79EFBC}") = "Kava.Core", "src\Kava.Core\Kava.Core.csproj", "{FC31FC89-351C-4635-9F4A-4FC7A33615C8}"
EndProject
Project("{2150E333-8FDC-42A3-9474-1A3956D46DE8}") = "Tests", "Tests", "{BC37B36D-9D6E-4FDC-B247-69F2F278278F}"
EndProject
Project("{FAE04EC0-301F-11D3-BF4B-00C04F79EFBC}") = "Kava.Tests", "tests\Kava.Tests\Kava.Tests.csproj", "{7C05F5BE-DA8F-48C2-B73B-53A5AF501860}"
EndProject
Global
	GlobalSection(SolutionConfigurationPlatforms) = preSolution
		Debug|Any CPU = Debug|Any CPU
		Release|Any CPU = Release|Any CPU
	EndGlobalSection
	GlobalSection(ProjectConfigurationPlatforms) = postSolution
		{853AB401-440B-48BA-A708-5DF93E981829}.Debug|Any CPU.ActiveCfg = Debug|Any CPU
		{853AB401-440B-48BA-A708-5DF93E981829}.Debug|Any CPU.Build.0 = Debug|Any CPU
		{853AB401-440B-48BA-A708-5DF93E981829}.Release|Any CPU.ActiveCfg = Release|Any CPU
		{853AB401-440B-48BA-A708-5DF93E981829}.Release|Any CPU.Build.0 = Release|Any CPU
		{460711C7-A245-4FF9-9DF9-81DC99F47CC9}.Debug|Any CPU.ActiveCfg = Debug|Any CPU
		{460711C7-A245-4FF9-9DF9-81DC99F47CC9}.Debug|Any CPU.Build.0 = Debug|Any CPU
		{460711C7-A245-4FF9-9DF9-81DC99F47CC9}.Release|Any CPU.ActiveCfg = Release|Any CPU
		{460711C7-A245-4FF9-9DF9-81DC99F47CC9}.Release|Any CPU.Build.0 = Release|Any CPU
		{FC31FC89-351C-4635-9F4A-4FC7A33615C8}.Debug|Any CPU.ActiveCfg = Debug|Any CPU
		{FC31FC89-351C-4635-9F4A-4FC7A33615C8}.Debug|Any CPU.Build.0 = Debug|Any CPU
		{FC31FC89-351C-4635-9F4A-4FC7A33615C8}.Release|Any CPU.ActiveCfg = Release|Any CPU
		{FC31FC89-351C-4635-9F4A-4FC7A33615C8}.Release|Any CPU.Build.0 = Release|Any CPU
		{7C05F5BE-DA8F-48C2-B73B-53A5AF501860}.Debug|Any CPU.ActiveCfg = Debug|Any CPU
		{7C05F5BE-DA8F-48C2-B73B-53A5AF501860}.Debug|Any CPU.Build.0 = Debug|Any CPU
		{7C05F5BE-DA8F-48C2-B73B-53A5AF501860}.Release|Any CPU.ActiveCfg = Release|Any CPU
		{7C05F5BE-DA8F-48C2-B73B-53A5AF501860}.Release|Any CPU.Build.0 = Release|Any CPU
	EndGlobalSection
	GlobalSection(NestedProjects) = preSolution
		{853AB401-440B-48BA-A708-5DF93E981829} = {D5D48DE5-DB16-42B7-827B-32DD95E62FBA}
		{11DB937B-7973-43AC-A0F2-BBA739B6F44A} = {22BB095C-3487-49BD-897E-9DA190304290}
		{460711C7-A245-4FF9-9DF9-81DC99F47CC9} = {D5D48DE5-DB16-42B7-827B-32DD95E62FBA}
		{FC31FC89-351C-4635-9F4A-4FC7A33615C8} = {D5D48DE5-DB16-42B7-827B-32DD95E62FBA}
		{7C05F5BE-DA8F-48C2-B73B-53A5AF501860} = {BC37B36D-9D6E-4FDC-B247-69F2F278278F}
	EndGlobalSection
EndGlobal
