
Microsoft Visual Studio Solution File, Format Version 12.00
Project("{2150E333-8FDC-42A3-9474-1A3956D46DE8}") = "Src", "Src", "{D5D48DE5-DB16-42B7-827B-32DD95E62FBA}"
EndProject
Project("{2150E333-8FDC-42A3-9474-1A3956D46DE8}") = "Solution Items", "Solution Items", "{22BB095C-3487-49BD-897E-9DA190304290}"
	ProjectSection(SolutionItems) = preProject
		Directory.Build.props = Directory.Build.props
		.gitignore = .gitignore
		.gitmodules = .gitmodules
	EndProjectSection
EndProject
Project("{2150E333-8FDC-42A3-9474-1A3956D46DE8}") = "Build", "Build", "{11DB937B-7973-43AC-A0F2-BBA739B6F44A}"
	ProjectSection(SolutionItems) = preProject
		build\Output.App.props = build\Output.App.props
	EndProjectSection
EndProject
Project("{2150E333-8FDC-42A3-9474-1A3956D46DE8}") = "Scripts", "Scripts", "{C58FD4A5-9B13-4A15-89DA-327CE7C2F78D}"
	ProjectSection(SolutionItems) = preProject
		scripts\ef-migrations.ps1 = scripts\ef-migrations.ps1
		scripts\publish-aot.ps1 = scripts\publish-aot.ps1
	EndProjectSection
EndProject
Project("{FAE04EC0-301F-11D3-BF4B-00C04F79EFBC}") = "Kava", "src\Kava\Kava.csproj", "{149BC198-AA97-46A3-9273-1F9705E1C48A}"
EndProject
Project("{FAE04EC0-301F-11D3-BF4B-00C04F79EFBC}") = "Kava.Hosting", "src\Kava.Hosting\Kava.Hosting.csproj", "{C6210EF0-7095-4703-ADA0-C9BEA324173C}"
EndProject
Global
	GlobalSection(SolutionConfigurationPlatforms) = preSolution
		Debug|Any CPU = Debug|Any CPU
		Release|Any CPU = Release|Any CPU
	EndGlobalSection
	GlobalSection(ProjectConfigurationPlatforms) = postSolution
		{149BC198-AA97-46A3-9273-1F9705E1C48A}.Debug|Any CPU.ActiveCfg = Debug|Any CPU
		{149BC198-AA97-46A3-9273-1F9705E1C48A}.Debug|Any CPU.Build.0 = Debug|Any CPU
		{149BC198-AA97-46A3-9273-1F9705E1C48A}.Release|Any CPU.ActiveCfg = Release|Any CPU
		{149BC198-AA97-46A3-9273-1F9705E1C48A}.Release|Any CPU.Build.0 = Release|Any CPU
		{C6210EF0-7095-4703-ADA0-C9BEA324173C}.Debug|Any CPU.ActiveCfg = Debug|Any CPU
		{C6210EF0-7095-4703-ADA0-C9BEA324173C}.Debug|Any CPU.Build.0 = Debug|Any CPU
		{C6210EF0-7095-4703-ADA0-C9BEA324173C}.Release|Any CPU.ActiveCfg = Release|Any CPU
		{C6210EF0-7095-4703-ADA0-C9BEA324173C}.Release|Any CPU.Build.0 = Release|Any CPU
	EndGlobalSection
	GlobalSection(NestedProjects) = preSolution
		{11DB937B-7973-43AC-A0F2-BBA739B6F44A} = {22BB095C-3487-49BD-897E-9DA190304290}
		{C58FD4A5-9B13-4A15-89DA-327CE7C2F78D} = {22BB095C-3487-49BD-897E-9DA190304290}
		{149BC198-AA97-46A3-9273-1F9705E1C48A} = {D5D48DE5-DB16-42B7-827B-32DD95E62FBA}
		{C6210EF0-7095-4703-ADA0-C9BEA324173C} = {D5D48DE5-DB16-42B7-827B-32DD95E62FBA}
	EndGlobalSection
EndGlobal
